Microsoft Visual Studio Solution File, Format Version 12.00
# Visual Studio Version 17
VisualStudioVersion = 17.5.2.0
MinimumVisualStudioVersion = 10.0.40219.1
Project("{FAE04EC0-301F-11D3-BF4B-00C04F79EFBC}") = "UfoMovement", "UfoMovement.csproj", "{BBFB377C-72F0-4072-757A-660F4883119F}"
EndProject
Global
	GlobalSection(SolutionConfigurationPlatforms) = preSolution
		Debug|Any CPU = Debug|Any CPU
		Release|Any CPU = Release|Any CPU
	EndGlobalSection
	GlobalSection(ProjectConfigurationPlatforms) = postSolution
		{BBFB377C-72F0-4072-757A-660F4883119F}.Debug|Any CPU.ActiveCfg = Debug|Any CPU
		{BBFB377C-72F0-4072-757A-660F4883119F}.Debug|Any CPU.Build.0 = Debug|Any CPU
		{BBFB377C-72F0-4072-757A-660F4883119F}.Release|Any CPU.ActiveCfg = Release|Any CPU
		{BBFB377C-72F0-4072-757A-660F4883119F}.Release|Any CPU.Build.0 = Release|Any CPU
	EndGlobalSection
	GlobalSection(SolutionProperties) = preSolution
		HideSolutionNode = FALSE
	EndGlobalSection
	GlobalSection(ExtensibilityGlobals) = postSolution
		SolutionGuid = {D70F8313-3306-4614-B67F-6483D0BEF99A}
	EndGlobalSection
EndGlobal
